# This file is automatically @generated by Cargo.
# It is not intended for manual editing.
version = 3

[[package]]
name = "base64"
version = "0.20.0"
source = "registry+https://github.com/rust-lang/crates.io-index"
checksum = "0ea22880d78093b0cbe17c89f64a7d457941e65759157ec6cb31a31d652b05e5"

[[package]]
name = "http-auth-basic"
version = "0.3.3"
dependencies = [
 "base64",
]
